// !$*UTF8*$!
{
	archiveVersion = 1;
	classes = {
	};
	objectVersion = 50;
	objects = {

/* Begin PBXBuildFile section */
		7247D78524071D81005A939C /* AppDelegate.swift in Sources */ = {isa = PBXBuildFile; fileRef = 7247D78424071D81005A939C /* AppDelegate.swift */; };
		7247D78724071D81005A939C /* SceneDelegate.swift in Sources */ = {isa = PBXBuildFile; fileRef = 7247D78624071D81005A939C /* SceneDelegate.swift */; };
		7247D78924071D81005A939C /* ViewController.swift in Sources */ = {isa = PBXBuildFile; fileRef = 7247D78824071D81005A939C /* ViewController.swift */; };
		7247D78C24071D81005A939C /* Main.storyboard in Resources */ = {isa = PBXBuildFile; fileRef = 7247D78A24071D81005A939C /* Main.storyboard */; };
		7247D78F24071D81005A939C /* ImageCoreData.xcdatamodeld in Sources */ = {isa = PBXBuildFile; fileRef = 7247D78D24071D81005A939C /* ImageCoreData.xcdatamodeld */; };
		7247D79124071D86005A939C /* Assets.xcassets in Resources */ = {isa = PBXBuildFile; fileRef = 7247D79024071D86005A939C /* Assets.xcassets */; };
		7247D79424071D86005A939C /* LaunchScreen.storyboard in Resources */ = {isa = PBXBuildFile; fileRef = 7247D79224071D86005A939C /* LaunchScreen.storyboard */; };
/* End PBXBuildFile section */

/* Begin PBXFileReference section */
		7247D78124071D81005A939C /* ImageCoreData.app */ = {isa = PBXFileReference; explicitFileType = wrapper.application; includeInIndex = 0; path = ImageCoreData.app; sourceTree = BUILT_PRODUCTS_DIR; };
		7247D78424071D81005A939C /* AppDelegate.swift */ = {isa = PBXFileReference; lastKnownFileType = sourcecode.swift; path = AppDelegate.swift; sourceTree = "<group>"; };
		7247D78624071D81005A939C /* SceneDelegate.swift */ = {isa = PBXFileReference; lastKnownFileType = sourcecode.swift; path = SceneDelegate.swift; sourceTree = "<group>"; };
		7247D78824071D81005A939C /* ViewController.swift */ = {isa = PBXFileReference; lastKnownFileType = sourcecode.swift; path = ViewController.swift; sourceTree = "<group>"; };
		7247D78B24071D81005A939C /* Base */ = {isa = PBXFileReference; lastKnownFileType = file.storyboard; name = Base; path = Base.lproj/Main.storyboard; sourceTree = "<group>"; };
		7247D78E24071D81005A939C /* ImageCoreData.xcdatamodel */ = {isa = PBXFileReference; lastKnownFileType = wrapper.xcdatamodel; path = ImageCoreData.xcdatamodel; sourceTree = "<group>"; };
		7247D79024071D86005A939C /* Assets.xcassets */ = {isa = PBXFileReference; lastKnownFileType = folder.assetcatalog; path = Assets.xcassets; sourceTree = "<group>"; };
		7247D79324071D86005A939C /* Base */ = {isa = PBXFileReference; lastKnownFileType = file.storyboard; name = Base; path = Base.lproj/LaunchScreen.storyboard; sourceTree = "<group>"; };
		7247D79524071D86005A939C /* Info.plist */ = {isa = PBXFileReference; lastKnownFileType = text.plist.xml; path = Info.plist; sourceTree = "<group>"; };
/* End PBXFileReference section */

/* Begin PBXFrameworksBuildPhase section */
		7247D77E24071D81005A939C /* Frameworks */ = {
			isa = PBXFrameworksBuildPhase;
			buildActionMask = 2147483647;
			files = (
			);
			runOnlyForDeploymentPostprocessing = 0;
		};
/* End PBXFrameworksBuildPhase section */

/* Begin PBXGroup section */
		7247D77824071D81005A939C = {
			isa = PBXGroup;
			children = (
				7247D78324071D81005A939C /* ImageCoreData */,
				7247D78224071D81005A939C /* Products */,
			);
			sourceTree = "<group>";
		};
		7247D78224071D81005A939C /* Products */ = {
			isa = PBXGroup;
			children = (
				7247D78124071D81005A939C /* ImageCoreData.app */,
			);
			name = Products;
			sourceTree = "<group>";
		};
		7247D78324071D81005A939C /* ImageCoreData */ = {
			isa = PBXGroup;
			children = (
				7247D78424071D81005A939C /* AppDelegate.swift */,
				7247D78624071D81005A939C /* SceneDelegate.swift */,
				7247D78824071D81005A939C /* ViewController.swift */,
				7247D78A24071D81005A939C /* Main.storyboard */,
				7247D79024071D86005A939C /* Assets.xcassets */,
				7247D79224071D86005A939C /* LaunchScreen.storyboard */,
				7247D79524071D86005A939C /* Info.plist */,
				7247D78D24071D81005A939C /* ImageCoreData.xcdatamodeld */,
			);
			path = ImageCoreData;
			sourceTree = "<group>";
		};
/* End PBXGroup section */

/* Begin PBXNativeTarget section */
		7247D78024071D81005A939C /* ImageCoreData */ = {
			isa = PBXNativeTarget;
			buildConfigurationList = 7247D79824071D86005A939C /* Build configuration list for PBXNativeTarget "ImageCoreData" */;
			buildPhases = (
				7247D77D24071D81005A939C /* Sources */,
				7247D77E24071D81005A939C /* Frameworks */,
				7247D77F24071D81005A939C /* Resources */,
			);
			buildRules = (
			);
			dependencies = (
			);
			name = ImageCoreData;
			productName = ImageCoreData;
			productReference = 7247D78124071D81005A939C /* ImageCoreData.app */;
			productType = "com.apple.product-type.application";
		};
/* End PBXNativeTarget section */

/* Begin PBXProject section */
		7247D77924071D81005A939C /* Project object */ = {
			isa = PBXProject;
			attributes = {
				LastSwiftUpdateCheck = 1130;
				LastUpgradeCheck = 1130;
				ORGANIZATIONNAME = "Osvaldo Murillo";
				TargetAttributes = {
					7247D78024071D81005A939C = {
						CreatedOnToolsVersion = 11.3;
					};
				};
			};
			buildConfigurationList = 7247D77C24071D81005A939C /* Build configuration list for PBXProject "ImageCoreData" */;
			compatibilityVersion = "Xcode 9.3";
			developmentRegion = en;
			hasScannedForEncodings = 0;
			knownRegions = (
				en,
				Base,
			);
			mainGroup = 7247D77824071D81005A939C;
			productRefGroup = 7247D78224071D81005A939C /* Products */;
			projectDirPath = "";
			projectRoot = "";
			targets = (
				7247D78024071D81005A939C /* ImageCoreData */,
			);
		};
/* End PBXProject section */

/* Begin PBXResourcesBuildPhase section */
		7247D77F24071D81005A939C /* Resources */ = {
			isa = PBXResourcesBuildPhase;
			buildActionMask = 2147483647;
			files = (
				7247D79424071D86005A939C /* LaunchScreen.storyboard in Resources */,
				7247D79124071D86005A939C /* Assets.xcassets in Resources */,
				7247D78C24071D81005A939C /* Main.storyboard in Resources */,
			);
			runOnlyForDeploymentPostprocessing = 0;
		};
/* End PBXResourcesBuildPhase section */

/* Begin PBXSourcesBuildPhase section */
		7247D77D24071D81005A939C /* Sources */ = {
			isa = PBXSourcesBuildPhase;
			buildActionMask = 2147483647;
			files = (
				7247D78F24071D81005A939C /* ImageCoreData.xcdatamodeld in Sources */,
				7247D78924071D81005A939C /* ViewController.swift in Sources */,
				7247D78524071D81005A939C /* AppDelegate.swift in Sources */,
				7247D78724071D81005A939C /* SceneDelegate.swift in Sources */,
			);
			runOnlyForDeploymentPostprocessing = 0;
		};
/* End PBXSourcesBuildPhase section */

/* Begin PBXVariantGroup section */
		7247D78A24071D81005A939C /* Main.storyboard */ = {
			isa = PBXVariantGroup;
			children = (
				7247D78B24071D81005A939C /* Base */,
			);
			name = Main.storyboard;
			sourceTree = "<group>";
		};
		7247D79224071D86005A939C /* LaunchScreen.storyboard */ = {
			isa = PBXVariantGroup;
			children = (
				7247D79324071D86005A939C /* Base */,
			);
			name = LaunchScreen.storyboard;
			sourceTree = "<group>";
		};
/* End PBXVariantGroup section */

/* Begin XCBuildConfiguration section */
		7247D79624071D86005A939C /* Debug */ = {
			isa = XCBuildConfiguration;
			buildSettings = {
				ALWAYS_SEARCH_USER_PATHS = NO;
				CLANG_ANALYZER_NONNULL = YES;
				CLANG_ANALYZER_NUMBER_OBJECT_CONVERSION = YES_AGGRESSIVE;
				CLANG_CXX_LANGUAGE_STANDARD = "gnu++14";
				CLANG_CXX_LIBRARY = "libc++";
				CLANG_ENABLE_MODULES = YES;
				CLANG_ENABLE_OBJC_ARC = YES;
				CLANG_ENABLE_OBJC_WEAK = YES;
				CLANG_WARN_BLOCK_CAPTURE_AUTORELEASING = YES;
				CLANG_WARN_BOOL_CONVERSION = YES;
				CLANG_WARN_COMMA = YES;
				CLANG_WARN_CONSTANT_CONVERSION = YES;
				CLANG_WARN_DEPRECATED_OBJC_IMPLEMENTATIONS = YES;
				CLANG_WARN_DIRECT_OBJC_ISA_USAGE = YES_ERROR;
				CLANG_WARN_DOCUMENTATION_COMMENTS = YES;
				CLANG_WARN_EMPTY_BODY = YES;
				CLANG_WARN_ENUM_CONVERSION = YES;
				CLANG_WARN_INFINITE_RECURSION = YES;
				CLANG_WARN_INT_CONVERSION = YES;
				CLANG_WARN_NON_LITERAL_NULL_CONVERSION = YES;
				CLANG_WARN_OBJC_IMPLICIT_RETAIN_SELF = YES;
				CLANG_WARN_OBJC_LITERAL_CONVERSION = YES;
				CLANG_WARN_OBJC_ROOT_CLASS = YES_ERROR;
				CLANG_WARN_RANGE_LOOP_ANALYSIS = YES;
				CLANG_WARN_STRICT_PROTOTYPES = YES;
				CLANG_WARN_SUSPICIOUS_MOVE = YES;
				CLANG_WARN_UNGUARDED_AVAILABILITY = YES_AGGRESSIVE;
				CLANG_WARN_UNREACHABLE_CODE = YES;
				CLANG_WARN__DUPLICATE_METHOD_MATCH = YES;
				COPY_PHASE_STRIP = NO;
				DEBUG_INFORMATION_FORMAT = dwarf;
				ENABLE_STRICT_OBJC_MSGSEND = YES;
				ENABLE_TESTABILITY = YES;
				GCC_C_LANGUAGE_STANDARD = gnu11;
				GCC_DYNAMIC_NO_PIC = NO;
				GCC_NO_COMMON_BLOCKS = YES;
				GCC_OPTIMIZATION_LEVEL = 0;
				GCC_PREPROCESSOR_DEFINITIONS = (
					"DEBUG=1",
					"$(inherited)",
				);
				GCC_WARN_64_TO_32_BIT_CONVERSION = YES;
				GCC_WARN_ABOUT_RETURN_TYPE = YES_ERROR;
				GCC_WARN_UNDECLARED_SELECTOR = YES;
				GCC_WARN_UNINITIALIZED_AUTOS = YES_AGGRESSIVE;
				GCC_WARN_UNUSED_FUNCTION = YES;
				GCC_WARN_UNUSED_VARIABLE = YES;
				IPHONEOS_DEPLOYMENT_TARGET = 13.2;
				MTL_ENABLE_DEBUG_INFO = INCLUDE_SOURCE;
				MTL_FAST_MATH = YES;
				ONLY_ACTIVE_ARCH = YES;
				SDKROOT = iphoneos;
				SWIFT_ACTIVE_COMPILATION_CONDITIONS = DEBUG;
				SWIFT_OPTIMIZATION_LEVEL = "-Onone";
			};
			name = Debug;
		};
		7247D79724071D86005A939C /* Release */ = {
			isa = XCBuildConfiguration;
			buildSettings = {
				ALWAYS_SEARCH_USER_PATHS = NO;
				CLANG_ANALYZER_NONNULL = YES;
				CLANG_ANALYZER_NUMBER_OBJECT_CONVERSION = YES_AGGRESSIVE;
				CLANG_CXX_LANGUAGE_STANDARD = "gnu++14";
				CLANG_CXX_LIBRARY = "libc++";
				CLANG_ENABLE_MODULES = YES;
				CLANG_ENABLE_OBJC_ARC = YES;
				CLANG_ENABLE_OBJC_WEAK = YES;
				CLANG_WARN_BLOCK_CAPTURE_AUTORELEASING = YES;
				CLANG_WARN_BOOL_CONVERSION = YES;
				CLANG_WARN_COMMA = YES;
				CLANG_WARN_CONSTANT_CONVERSION = YES;
				CLANG_WARN_DEPRECATED_OBJC_IMPLEMENTATIONS = YES;
				CLANG_WARN_DIRECT_OBJC_ISA_USAGE = YES_ERROR;
				CLANG_WARN_DOCUMENTATION_COMMENTS = YES;
				CLANG_WARN_EMPTY_BODY = YES;
				CLANG_WARN_ENUM_CONVERSION = YES;
				CLANG_WARN_INFINITE_RECURSION = YES;
				CLANG_WARN_INT_CONVERSION = YES;
				CLANG_WARN_NON_LITERAL_NULL_CONVERSION = YES;
				CLANG_WARN_OBJC_IMPLICIT_RETAIN_SELF = YES;
				CLANG_WARN_OBJC_LITERAL_CONVERSION = YES;
				CLANG_WARN_OBJC_ROOT_CLASS = YES_ERROR;
				CLANG_WARN_RANGE_LOOP_ANALYSIS = YES;
				CLANG_WARN_STRICT_PROTOTYPES = YES;
				CLANG_WARN_SUSPICIOUS_MOVE = YES;
				CLANG_WARN_UNGUARDED_AVAILABILITY = YES_AGGRESSIVE;
				CLANG_WARN_UNREACHABLE_CODE = YES;
				CLANG_WARN__DUPLICATE_METHOD_MATCH = YES;
				COPY_PHASE_STRIP = NO;
				DEBUG_INFORMATION_FORMAT = "dwarf-with-dsym";
				ENABLE_NS_ASSERTIONS = NO;
				ENABLE_STRICT_OBJC_MSGSEND = YES;
				GCC_C_LANGUAGE_STANDARD = gnu11;
				GCC_NO_COMMON_BLOCKS = YES;
				GCC_WARN_64_TO_32_BIT_CONVERSION = YES;
				GCC_WARN_ABOUT_RETURN_TYPE = YES_ERROR;
				GCC_WARN_UNDECLARED_SELECTOR = YES;
				GCC_WARN_UNINITIALIZED_AUTOS = YES_AGGRESSIVE;
				GCC_WARN_UNUSED_FUNCTION = YES;
				GCC_WARN_UNUSED_VARIABLE = YES;
				IPHONEOS_DEPLOYMENT_TARGET = 13.2;
				MTL_ENABLE_DEBUG_INFO = NO;
				MTL_FAST_MATH = YES;
				SDKROOT = iphoneos;
				SWIFT_COMPILATION_MODE = wholemodule;
				SWIFT_OPTIMIZATION_LEVEL = "-O";
				VALIDATE_PRODUCT = YES;
			};
			name = Release;
		};
		7247D79924071D86005A939C /* Debug */ = {
			isa = XCBuildConfiguration;
			buildSettings = {
				ASSETCATALOG_COMPILER_APPICON_NAME = AppIcon;
				CODE_SIGN_STYLE = Automatic;
				DEVELOPMENT_TEAM = 8B3H85G4NF;
				INFOPLIST_FILE = ImageCoreData/Info.plist;
				LD_RUNPATH_SEARCH_PATHS = (
					"$(inherited)",
					"@executable_path/Frameworks",
				);
				PRODUCT_BUNDLE_IDENTIFIER = com.osvaldo.ImageCoreData;
				PRODUCT_NAME = "$(TARGET_NAME)";
				SWIFT_VERSION = 5.0;
				TARGETED_DEVICE_FAMILY = "1,2";
			};
			name = Debug;
		};
		7247D79A24071D86005A939C /* Release */ = {
			isa = XCBuildConfiguration;
			buildSettings = {
				ASSETCATALOG_COMPILER_APPICON_NAME = AppIcon;
				CODE_SIGN_STYLE = Automatic;
				DEVELOPMENT_TEAM = 8B3H85G4NF;
				INFOPLIST_FILE = ImageCoreData/Info.plist;
				LD_RUNPATH_SEARCH_PATHS = (
					"$(inherited)",
					"@executable_path/Frameworks",
				);
				PRODUCT_BUNDLE_IDENTIFIER = com.osvaldo.ImageCoreData;
				PRODUCT_NAME = "$(TARGET_NAME)";
				SWIFT_VERSION = 5.0;
				TARGETED_DEVICE_FAMILY = "1,2";
			};
			name = Release;
		};
/* End XCBuildConfiguration section */

/* Begin XCConfigurationList section */
		7247D77C24071D81005A939C /* Build configuration list for PBXProject "ImageCoreData" */ = {
			isa = XCConfigurationList;
			buildConfigurations = (
				7247D79624071D86005A939C /* Debug */,
				7247D79724071D86005A939C /* Release */,
			);
			defaultConfigurationIsVisible = 0;
			defaultConfigurationName = Release;
		};
		7247D79824071D86005A939C /* Build configuration list for PBXNativeTarget "ImageCoreData" */ = {
			isa = XCConfigurationList;
			buildConfigurations = (
				7247D79924071D86005A939C /* Debug */,
				7247D79A24071D86005A939C /* Release */,
			);
			defaultConfigurationIsVisible = 0;
			defaultConfigurationName = Release;
		};
/* End XCConfigurationList section */

/* Begin XCVersionGroup section */
		7247D78D24071D81005A939C /* ImageCoreData.xcdatamodeld */ = {
			isa = XCVersionGroup;
			children = (
				7247D78E24071D81005A939C /* ImageCoreData.xcdatamodel */,
			);
			currentVersion = 7247D78E24071D81005A939C /* ImageCoreData.xcdatamodel */;
			path = ImageCoreData.xcdatamodeld;
			sourceTree = "<group>";
			versionGroupType = wrapper.xcdatamodel;
		};
/* End XCVersionGroup section */
	};
	rootObject = 7247D77924071D81005A939C /* Project object */;
}
